
Microsoft Visual Studio Solution File, Format Version 12.00
Project("{FAE04EC0-301F-11D3-BF4B-00C04F79EFBC}") = "GuruCSharp", "GuruCSharp\GuruCSharp.csproj", "{01F9703D-F9ED-4664-B27F-D9E42AB5FE4E}"
EndProject
Global
	GlobalSection(SolutionConfigurationPlatforms) = preSolution
		Debug|Any CPU = Debug|Any CPU
		Release|Any CPU = Release|Any CPU
	EndGlobalSection
	GlobalSection(ProjectConfigurationPlatforms) = postSolution
		{01F9703D-F9ED-4664-B27F-D9E42AB5FE4E}.Debug|Any CPU.ActiveCfg = Debug|Any CPU
		{01F9703D-F9ED-4664-B27F-D9E42AB5FE4E}.Debug|Any CPU.Build.0 = Debug|Any CPU
		{01F9703D-F9ED-4664-B27F-D9E42AB5FE4E}.Release|Any CPU.ActiveCfg = Release|Any CPU
		{01F9703D-F9ED-4664-B27F-D9E42AB5FE4E}.Release|Any CPU.Build.0 = Release|Any CPU
	EndGlobalSection
EndGlobal
